
Microsoft Visual Studio Solution File, Format Version 12.00
# Visual Studio Version 17
VisualStudioVersion = 17.7.34202.233
MinimumVisualStudioVersion = 10.0.40219.1
Project("{8BC9CEB8-8B4A-11D0-8D11-00A0C91BC942}") = "BS.cpp", "BS.cpp\BS.cpp.vcxproj", "{90AA16E3-1AD6-4279-BBDC-196FD77D316B}"
EndProject
Global
	GlobalSection(SolutionConfigurationPlatforms) = preSolution
		Debug|x64 = Debug|x64
		Debug|x86 = Debug|x86
		Release|x64 = Release|x64
		Release|x86 = Release|x86
	EndGlobalSection
	GlobalSection(ProjectConfigurationPlatforms) = postSolution
		{90AA16E3-1AD6-4279-BBDC-196FD77D316B}.Debug|x64.ActiveCfg = Debug|x64
		{90AA16E3-1AD6-4279-BBDC-196FD77D316B}.Debug|x64.Build.0 = Debug|x64
		{90AA16E3-1AD6-4279-BBDC-196FD77D316B}.Debug|x86.ActiveCfg = Debug|Win32
		{90AA16E3-1AD6-4279-BBDC-196FD77D316B}.Debug|x86.Build.0 = Debug|Win32
		{90AA16E3-1AD6-4279-BBDC-196FD77D316B}.Release|x64.ActiveCfg = Release|x64
		{90AA16E3-1AD6-4279-BBDC-196FD77D316B}.Release|x64.Build.0 = Release|x64
		{90AA16E3-1AD6-4279-BBDC-196FD77D316B}.Release|x86.ActiveCfg = Release|Win32
		{90AA16E3-1AD6-4279-BBDC-196FD77D316B}.Release|x86.Build.0 = Release|Win32
	EndGlobalSection
	GlobalSection(SolutionProperties) = preSolution
		HideSolutionNode = FALSE
	EndGlobalSection
	GlobalSection(ExtensibilityGlobals) = postSolution
		SolutionGuid = {19BD2C3E-8A3F-4251-87B8-A8B51044543A}
	EndGlobalSection
EndGlobal
